{
  "name": "ecommerce-project",
  "lockfileVersion": 3,
  "requires": true,
  "packages": {
    "": {
      "dependencies": {
        "random-part-of-speech": "^1.0.0"
      }
    },
    "node_modules/fs-readstream-seek": {
      "version": "1.1.1",
      "resolved": "https://registry.npmjs.org/fs-readstream-seek/-/fs-readstream-seek-1.1.1.tgz",
      "integrity": "sha512-I5PfvCAYsEjvdokIHfT2I6giV/QsBVEEdyL0iQUHBwK5cVT1U+ccTL5I+bQ5HXjcl6TMW93EiGSeMhZmot7kCA=="
    },
    "node_modules/random-part-of-speech": {
      "version": "1.0.0",
      "resolved": "https://registry.npmjs.org/random-part-of-speech/-/random-part-of-speech-1.0.0.tgz",
      "integrity": "sha512-D0aAw5vxBWn8c3R1pJHjfsXj+i8uVpjXcyOYZehxJeG1jhcdZ64T5X6O+KZSsA3mhWLriK+wkcS79xH35TNsrg==",
      "dependencies": {
        "fs-readstream-seek": "^1.1.1"
      }
    }
  }
}
